
Microsoft Visual Studio Solution File, Format Version 12.00
# Visual Studio Version 17
VisualStudioVersion = 17.0.32002.185
MinimumVisualStudioVersion = 10.0.40219.1
Project("{FAE04EC0-301F-11D3-BF4B-00C04F79EFBC}") = "MultiSelectEditor", "MultiSelectEditor\MultiSelectEditor.csproj", "{4ECAECB9-3318-4975-BD95-8AD481D441A1}"
EndProject
Global
	GlobalSection(SolutionConfigurationPlatforms) = preSolution
		Debug|Any CPU = Debug|Any CPU
		Release|Any CPU = Release|Any CPU
	EndGlobalSection
	GlobalSection(ProjectConfigurationPlatforms) = postSolution
		{4ECAECB9-3318-4975-BD95-8AD481D441A1}.Debug|Any CPU.ActiveCfg = Debug|Any CPU
		{4ECAECB9-3318-4975-BD95-8AD481D441A1}.Debug|Any CPU.Build.0 = Debug|Any CPU
		{4ECAECB9-3318-4975-BD95-8AD481D441A1}.Release|Any CPU.ActiveCfg = Release|Any CPU
		{4ECAECB9-3318-4975-BD95-8AD481D441A1}.Release|Any CPU.Build.0 = Release|Any CPU
	EndGlobalSection
	GlobalSection(SolutionProperties) = preSolution
		HideSolutionNode = FALSE
	EndGlobalSection
	GlobalSection(ExtensibilityGlobals) = postSolution
		SolutionGuid = {03A0D6D1-6E56-4836-B83E-C3463EA3C27A}
	EndGlobalSection
EndGlobal
