
Microsoft Visual Studio Solution File, Format Version 12.00
# Visual Studio Version 16
VisualStudioVersion = 16.0.29319.158
MinimumVisualStudioVersion = 10.0.40219.1
Project("{9A19103F-16F7-4668-BE54-9A1E7A4F7556}") = "MultiSelectEditor", "MultiSelectEditor\MultiSelectEditor.csproj", "{7280F814-9F41-4F19-AE0A-564A467C8057}"
EndProject
Global
	GlobalSection(SolutionConfigurationPlatforms) = preSolution
		Debug|Any CPU = Debug|Any CPU
		Release|Any CPU = Release|Any CPU
	EndGlobalSection
	GlobalSection(ProjectConfigurationPlatforms) = postSolution
		{7280F814-9F41-4F19-AE0A-564A467C8057}.Debug|Any CPU.ActiveCfg = Debug|Any CPU
		{7280F814-9F41-4F19-AE0A-564A467C8057}.Debug|Any CPU.Build.0 = Debug|Any CPU
		{7280F814-9F41-4F19-AE0A-564A467C8057}.Release|Any CPU.ActiveCfg = Release|Any CPU
		{7280F814-9F41-4F19-AE0A-564A467C8057}.Release|Any CPU.Build.0 = Release|Any CPU
	EndGlobalSection
	GlobalSection(SolutionProperties) = preSolution
		HideSolutionNode = FALSE
	EndGlobalSection
	GlobalSection(ExtensibilityGlobals) = postSolution
		SolutionGuid = {52B9B950-5440-42FD-8B6B-A39763E6A389}
	EndGlobalSection
EndGlobal
